
Microsoft Visual Studio Solution File, Format Version 12.00
# Visual Studio Version 17
VisualStudioVersion = 17.11.35222.181
MinimumVisualStudioVersion = 10.0.40219.1
Project("{FAE04EC0-301F-11D3-BF4B-00C04F79EFBC}") = "01_FirstApp", "BlazorApp\01_FirstApp.csproj", "{02C31437-1B1A-49BE-867E-CF744706DB78}"
EndProject
Global
	GlobalSection(SolutionConfigurationPlatforms) = preSolution
		Debug|Any CPU = Debug|Any CPU
		Release|Any CPU = Release|Any CPU
	EndGlobalSection
	GlobalSection(ProjectConfigurationPlatforms) = postSolution
		{02C31437-1B1A-49BE-867E-CF744706DB78}.Debug|Any CPU.ActiveCfg = Debug|Any CPU
		{02C31437-1B1A-49BE-867E-CF744706DB78}.Debug|Any CPU.Build.0 = Debug|Any CPU
		{02C31437-1B1A-49BE-867E-CF744706DB78}.Release|Any CPU.ActiveCfg = Release|Any CPU
		{02C31437-1B1A-49BE-867E-CF744706DB78}.Release|Any CPU.Build.0 = Release|Any CPU
	EndGlobalSection
	GlobalSection(SolutionProperties) = preSolution
		HideSolutionNode = FALSE
	EndGlobalSection
	GlobalSection(ExtensibilityGlobals) = postSolution
		SolutionGuid = {34347774-A201-4C6E-A2DB-E16CCC258574}
	EndGlobalSection
EndGlobal
